github.com/davecgh/go-spew v1.1.0 h1:ZDRjVQ15GmhC3fiQ8ni8+OwkZQO4DARzQgrnXU1Liz8=
github.com/davecgh/go-spew v1.1.0/go.mod h1:J7Y8YcW2NihsgmVo/mv3lAwl/skON4iLHjSsI+c5H38=
github.com/klauspost/compress v1.17.11 h1:In6xLpyWOi1+C7tXUUWv2ot1QvBjxevKAaI6IXrJmUc=
github.com/klauspost/compress v1.17.11/go.mod h1:pMDklpSncoRMuLFrf1W9Ss9KT+0rH90U12bZKk7uwG0=
github.com/pmezard/go-difflib v1.0.0 h1:4DBwDE0NGyQoBHbLQYPwSUPoCMWR5BEzIk/f1lZbAQM=
github.com/pmezard/go-difflib v1.0.0/go.mod h1:iKH77koFhYxTK1pcRnkKkqfTogsbg7gZNVY4sRDYZ/4=
github.com/stretchr/testify v1.6.1 h1:hDPOHmpOpP40lSULcqw7IrRb/u7w6RpDC9399XyoNd0=
github.com/stretchr/testify v1.6.1/go.mod h1:6Fq8oRcR53rry900zMqJjRRixrwX3KX962/h/Wwjteg=
github.com/ubgo/cache v0.1.0 h1:ZYgq8UJg9Xu7FTNFW3OWrSjFuEgeuTjTXUk4fL/Z7r4=
github.com/ubgo/cache v0.1.0/go.mod h1:2Z6dYQnKqvklI06GfUpUxaopjTNay8wV5GYM+m1/zDk=
github.com/ubgo/cache-mem v0.1.0 h1:6e7zyxYXEzvXKJQhM7y+WWNct9+EAZBa6dHT/xgv4wo=
github.com/ubgo/cache-mem v0.1.0/go.mod h1:RiX2fbnkS8VwagkuUnRm4e/2jtBvZBAAa42MXZkDYqI=
github.com/ubgo/cache/contrib/codec-msgpack v0.1.0 h1:EPgHQVZyITeke1X2Tprx0fzqLKGxAEOW81Dx9mGUmts=
github.com/ubgo/cache/contrib/codec-msgpack v0.1.0/go.mod h1:8Vnd95JaVjG4QpPcRbYRntM5QUC4ECd7y649z4c2l1I=
github.com/ubgo/cache/contrib/codec-zstd v0.1.0 h1:fTOUcecROEtfHggFq1aQb52Z0kLeX4KRGhtcknZYYw0=
github.com/ubgo/cache/contrib/codec-zstd v0.1.0/go.mod h1:bxFKxiz1JcruKaIjM5aVXH4Oi0ALBAq9NFYJ4+hEQFM=
github.com/vmihailenco/msgpack/v5 v5.4.1 h1:cQriyiUvjTwOHg8QZaPihLWeRAAVoCpE00IUPn0Bjt8=
github.com/vmihailenco/msgpack/v5 v5.4.1/go.mod h1:GaZTsDaehaPpQVyxrf5mtQlH+pc21PIudVV/E3rRQok=
github.com/vmihailenco/tagparser/v2 v2.0.0 h1:y09buUbR+b5aycVFQs/g70pqKVZNBmxwAhO7/IwNM9g=
github.com/vmihailenco/tagparser/v2 v2.0.0/go.mod h1:Wri+At7QHww0WTrCBeu4J6bNtoV6mEfg5OIWRZA9qds=
gopkg.in/yaml.v3 v3.0.0-20200313102051-9f266ea9e77c h1:dUUwHk2QECo/6vqA44rthZ8ie2QXMNeKRTHCNY2nXvo=
gopkg.in/yaml.v3 v3.0.0-20200313102051-9f266ea9e77c/go.mod h1:K4uyk7z7BCEPqu6E+C64Yfv1cQ7kz7rIZviUmN+EgEM=
